# This file is automatically @generated by Poetry 1.5.1 and should not be changed by hand.

[[package]]
name = "paitest"
version = "1.1.0"
description = "Test module for PAICORE 2.0"
optional = false
python-versions = "^3.6"
files = []
develop = false

[package.source]
type = "git"
url = "git@github.com:PAICookers/PAITest.git"
reference = "dev"
resolved_reference = "5f10c005fe22cf164847a325eb4beb55af3de7a8"

[metadata]
lock-version = "2.0"
python-versions = "^3.6"
content-hash = "1c72ad2884db6bd05f949f485debf305e56259b95880a0b27c5f0b8ff7140042"
