# This file is automatically @generated by Poetry 1.4.2 and should not be changed by hand.

[[package]]
name = "paitest"
version = "0.0.10"
description = "Test module for PAICORE 2.0"
category = "main"
optional = false
python-versions = "^3.8"
files = []
develop = false

[package.source]
type = "git"
url = "git@github.com:PAICookers/PAITest.git"
reference = "dev"
resolved_reference = "97c29592b7605186c80177f23cdf08c26cc19893"

[metadata]
lock-version = "2.0"
python-versions = "^3.9"
content-hash = "8db0aa01ed6953a9b00c7cdd4c25d56e0ec900b0ddb0f66612e2f73eb915edb6"
